
Microsoft Visual Studio Solution File, Format Version 12.00
# Visual Studio 15
VisualStudioVersion = 15.0.26124.0
MinimumVisualStudioVersion = 15.0.26124.0
Project("{FAE04EC0-301F-11D3-BF4B-00C04F79EFBC}") = "CustomerService", "CustomerService\CustomerService.csproj", "{A3F2DD2E-D293-4771-8169-1EC71FF3224E}"
EndProject
Project("{FAE04EC0-301F-11D3-BF4B-00C04F79EFBC}") = "CustomerService.Tests", "CustomerService.Tests\CustomerService.Tests.csproj", "{E443C94D-D809-4AC1-BA62-9C8914FAC53B}"
EndProject
Global
	GlobalSection(SolutionConfigurationPlatforms) = preSolution
		Debug|Any CPU = Debug|Any CPU
		Debug|x64 = Debug|x64
		Debug|x86 = Debug|x86
		Release|Any CPU = Release|Any CPU
		Release|x64 = Release|x64
		Release|x86 = Release|x86
	EndGlobalSection
	GlobalSection(SolutionProperties) = preSolution
		HideSolutionNode = FALSE
	EndGlobalSection
	GlobalSection(ProjectConfigurationPlatforms) = postSolution
		{A3F2DD2E-D293-4771-8169-1EC71FF3224E}.Debug|Any CPU.ActiveCfg = Debug|Any CPU
		{A3F2DD2E-D293-4771-8169-1EC71FF3224E}.Debug|Any CPU.Build.0 = Debug|Any CPU
		{A3F2DD2E-D293-4771-8169-1EC71FF3224E}.Debug|x64.ActiveCfg = Debug|Any CPU
		{A3F2DD2E-D293-4771-8169-1EC71FF3224E}.Debug|x64.Build.0 = Debug|Any CPU
		{A3F2DD2E-D293-4771-8169-1EC71FF3224E}.Debug|x86.ActiveCfg = Debug|Any CPU
		{A3F2DD2E-D293-4771-8169-1EC71FF3224E}.Debug|x86.Build.0 = Debug|Any CPU
		{A3F2DD2E-D293-4771-8169-1EC71FF3224E}.Release|Any CPU.ActiveCfg = Release|Any CPU
		{A3F2DD2E-D293-4771-8169-1EC71FF3224E}.Release|Any CPU.Build.0 = Release|Any CPU
		{A3F2DD2E-D293-4771-8169-1EC71FF3224E}.Release|x64.ActiveCfg = Release|Any CPU
		{A3F2DD2E-D293-4771-8169-1EC71FF3224E}.Release|x64.Build.0 = Release|Any CPU
		{A3F2DD2E-D293-4771-8169-1EC71FF3224E}.Release|x86.ActiveCfg = Release|Any CPU
		{A3F2DD2E-D293-4771-8169-1EC71FF3224E}.Release|x86.Build.0 = Release|Any CPU
		{E443C94D-D809-4AC1-BA62-9C8914FAC53B}.Debug|Any CPU.ActiveCfg = Debug|Any CPU
		{E443C94D-D809-4AC1-BA62-9C8914FAC53B}.Debug|Any CPU.Build.0 = Debug|Any CPU
		{E443C94D-D809-4AC1-BA62-9C8914FAC53B}.Debug|x64.ActiveCfg = Debug|Any CPU
		{E443C94D-D809-4AC1-BA62-9C8914FAC53B}.Debug|x64.Build.0 = Debug|Any CPU
		{E443C94D-D809-4AC1-BA62-9C8914FAC53B}.Debug|x86.ActiveCfg = Debug|Any CPU
		{E443C94D-D809-4AC1-BA62-9C8914FAC53B}.Debug|x86.Build.0 = Debug|Any CPU
		{E443C94D-D809-4AC1-BA62-9C8914FAC53B}.Release|Any CPU.ActiveCfg = Release|Any CPU
		{E443C94D-D809-4AC1-BA62-9C8914FAC53B}.Release|Any CPU.Build.0 = Release|Any CPU
		{E443C94D-D809-4AC1-BA62-9C8914FAC53B}.Release|x64.ActiveCfg = Release|Any CPU
		{E443C94D-D809-4AC1-BA62-9C8914FAC53B}.Release|x64.Build.0 = Release|Any CPU
		{E443C94D-D809-4AC1-BA62-9C8914FAC53B}.Release|x86.ActiveCfg = Release|Any CPU
		{E443C94D-D809-4AC1-BA62-9C8914FAC53B}.Release|x86.Build.0 = Release|Any CPU
	EndGlobalSection
EndGlobal
